
Microsoft Visual Studio Solution File, Format Version 12.00
# Visual Studio Version 17
VisualStudioVersion = 17.1.32407.343
MinimumVisualStudioVersion = 10.0.40219.1
Project("{FAE04EC0-301F-11D3-BF4B-00C04F79EFBC}") = "CommandGQLNet6", "CommandGQLNet6\CommandGQLNet6.csproj", "{522EE809-4F21-466E-9716-EC57291C95BE}"
EndProject
Global
	GlobalSection(SolutionConfigurationPlatforms) = preSolution
		Debug|Any CPU = Debug|Any CPU
		Release|Any CPU = Release|Any CPU
	EndGlobalSection
	GlobalSection(ProjectConfigurationPlatforms) = postSolution
		{522EE809-4F21-466E-9716-EC57291C95BE}.Debug|Any CPU.ActiveCfg = Debug|Any CPU
		{522EE809-4F21-466E-9716-EC57291C95BE}.Debug|Any CPU.Build.0 = Debug|Any CPU
		{522EE809-4F21-466E-9716-EC57291C95BE}.Release|Any CPU.ActiveCfg = Release|Any CPU
		{522EE809-4F21-466E-9716-EC57291C95BE}.Release|Any CPU.Build.0 = Release|Any CPU
	EndGlobalSection
	GlobalSection(SolutionProperties) = preSolution
		HideSolutionNode = FALSE
	EndGlobalSection
	GlobalSection(ExtensibilityGlobals) = postSolution
		SolutionGuid = {9A4ED7E2-3753-4238-A408-AE0D0280E1FE}
	EndGlobalSection
EndGlobal
