
Microsoft Visual Studio Solution File, Format Version 12.00
# Visual Studio Version 17
VisualStudioVersion = 17.0.32014.148
MinimumVisualStudioVersion = 10.0.40219.1
Project("{FAE04EC0-301F-11D3-BF4B-00C04F79EFBC}") = "Angular", "Angular\Angular.csproj", "{D7FB539F-1B14-4B59-B677-40F801A43A0A}"
EndProject
Global
	GlobalSection(SolutionConfigurationPlatforms) = preSolution
		Debug|Any CPU = Debug|Any CPU
		Release|Any CPU = Release|Any CPU
	EndGlobalSection
	GlobalSection(ProjectConfigurationPlatforms) = postSolution
		{D7FB539F-1B14-4B59-B677-40F801A43A0A}.Debug|Any CPU.ActiveCfg = Debug|Any CPU
		{D7FB539F-1B14-4B59-B677-40F801A43A0A}.Debug|Any CPU.Build.0 = Debug|Any CPU
		{D7FB539F-1B14-4B59-B677-40F801A43A0A}.Release|Any CPU.ActiveCfg = Release|Any CPU
		{D7FB539F-1B14-4B59-B677-40F801A43A0A}.Release|Any CPU.Build.0 = Release|Any CPU
	EndGlobalSection
	GlobalSection(SolutionProperties) = preSolution
		HideSolutionNode = FALSE
	EndGlobalSection
	GlobalSection(ExtensibilityGlobals) = postSolution
		SolutionGuid = {30DE3FC5-294F-4232-B4C6-2B7431DA7462}
	EndGlobalSection
EndGlobal
