
Microsoft Visual Studio Solution File, Format Version 12.00
# Visual Studio Version 17
VisualStudioVersion = 17.0.32112.339
MinimumVisualStudioVersion = 10.0.40219.1
Project("{FAE04EC0-301F-11D3-BF4B-00C04F79EFBC}") = "GraphQLDemo.API", "GraphQLDemo.API\GraphQLDemo.API.csproj", "{2FAEE9BA-2476-4262-9E05-5FDFA463CFF3}"
EndProject
Project("{FAE04EC0-301F-11D3-BF4B-00C04F79EFBC}") = "GraphQLDemo.Common", "GraphQLDemo.Common\GraphQLDemo.Common.csproj", "{0C786FED-99B8-45BA-9E59-B8DF8DFB4350}"
EndProject
Global
	GlobalSection(SolutionConfigurationPlatforms) = preSolution
		Debug|Any CPU = Debug|Any CPU
		Release|Any CPU = Release|Any CPU
	EndGlobalSection
	GlobalSection(ProjectConfigurationPlatforms) = postSolution
		{2FAEE9BA-2476-4262-9E05-5FDFA463CFF3}.Debug|Any CPU.ActiveCfg = Debug|Any CPU
		{2FAEE9BA-2476-4262-9E05-5FDFA463CFF3}.Debug|Any CPU.Build.0 = Debug|Any CPU
		{2FAEE9BA-2476-4262-9E05-5FDFA463CFF3}.Release|Any CPU.ActiveCfg = Release|Any CPU
		{2FAEE9BA-2476-4262-9E05-5FDFA463CFF3}.Release|Any CPU.Build.0 = Release|Any CPU
		{0C786FED-99B8-45BA-9E59-B8DF8DFB4350}.Debug|Any CPU.ActiveCfg = Debug|Any CPU
		{0C786FED-99B8-45BA-9E59-B8DF8DFB4350}.Debug|Any CPU.Build.0 = Debug|Any CPU
		{0C786FED-99B8-45BA-9E59-B8DF8DFB4350}.Release|Any CPU.ActiveCfg = Release|Any CPU
		{0C786FED-99B8-45BA-9E59-B8DF8DFB4350}.Release|Any CPU.Build.0 = Release|Any CPU
	EndGlobalSection
	GlobalSection(SolutionProperties) = preSolution
		HideSolutionNode = FALSE
	EndGlobalSection
	GlobalSection(ExtensibilityGlobals) = postSolution
		SolutionGuid = {177FC6CE-D7E0-4C63-8E1F-78FDF9CAC4A2}
	EndGlobalSection
EndGlobal
